
Microsoft Visual Studio Solution File, Format Version 12.00
# Visual Studio Version 16
VisualStudioVersion = 16.0.32126.315
MinimumVisualStudioVersion = 10.0.40219.1
Project("{9A19103F-16F7-4668-BE54-9A1E7A4F7556}") = "crudProjectWebApi", "crudProjectWebApi.csproj", "{DED3ED7E-C781-41A1-9B47-3C39A0946EDE}"
EndProject
Global
	GlobalSection(SolutionConfigurationPlatforms) = preSolution
		Debug|Any CPU = Debug|Any CPU
		Release|Any CPU = Release|Any CPU
	EndGlobalSection
	GlobalSection(ProjectConfigurationPlatforms) = postSolution
		{DED3ED7E-C781-41A1-9B47-3C39A0946EDE}.Debug|Any CPU.ActiveCfg = Debug|Any CPU
		{DED3ED7E-C781-41A1-9B47-3C39A0946EDE}.Debug|Any CPU.Build.0 = Debug|Any CPU
		{DED3ED7E-C781-41A1-9B47-3C39A0946EDE}.Release|Any CPU.ActiveCfg = Release|Any CPU
		{DED3ED7E-C781-41A1-9B47-3C39A0946EDE}.Release|Any CPU.Build.0 = Release|Any CPU
	EndGlobalSection
	GlobalSection(SolutionProperties) = preSolution
		HideSolutionNode = FALSE
	EndGlobalSection
	GlobalSection(ExtensibilityGlobals) = postSolution
		SolutionGuid = {39616844-F4F8-4418-B0E6-14F949EF7B2D}
	EndGlobalSection
EndGlobal
